{
    "name": "ng-cabled",
    "version": "1.0.13",
    "lockfileVersion": 1,
    "requires": true,
    "dependencies": {
        "@angular/common": {
            "version": "13.1.2",
            "resolved": "https://ecdevops.eu/repository/npm-all/@angular/common/-/common-13.1.2.tgz",
            "integrity": "sha512-/8RWYQkZ1KPNvu2FANJM44wXlOMjMyxZVOEIn3llMRgxV2iiYtmluAOJNafTAbKedAuD6wiSpbi++QbioqCyyA==",
            "dev": true,
            "requires": {
                "tslib": "^2.3.0"
            }
        },
        "@angular/compiler": {
            "version": "13.1.2",
            "resolved": "https://ecdevops.eu/repository/npm-all/@angular/compiler/-/compiler-13.1.2.tgz",
            "integrity": "sha512-xbM3eClhUIHEFR0Et1bVC18Q7+kJx+hNNWWQl63RNYYBxTZnZpXA3mYi6IcEasy7BHkobVW+5teqlibFQY4gfQ==",
            "dev": true,
            "requires": {
                "tslib": "^2.3.0"
            }
        },
        "@angular/core": {
            "version": "13.1.2",
            "resolved": "https://ecdevops.eu/repository/npm-all/@angular/core/-/core-13.1.2.tgz",
            "integrity": "sha512-dsb90lUf8BELzdg7MgSMfPc36xzZKsDggOimfXhIvmctgc+H71Zo07KYTy5JVqsscLdT+A/KBvtU1bKk4P+Rfg==",
            "dev": true,
            "requires": {
                "tslib": "^2.3.0"
            }
        },
        "@angular/platform-browser": {
            "version": "13.1.2",
            "resolved": "https://ecdevops.eu/repository/npm-all/@angular/platform-browser/-/platform-browser-13.1.2.tgz",
            "integrity": "sha512-yBUWtYJHr/1LuK3/YRRav2O82i6RHVPtRoAlZHoeTlh2CYA4u1m3JHq9XBrxIxSXexBX69pMrZENW1xskwKRTQ==",
            "dev": true,
            "requires": {
                "tslib": "^2.3.0"
            }
        },
        "@angular/platform-browser-dynamic": {
            "version": "13.1.2",
            "resolved": "https://ecdevops.eu/repository/npm-all/@angular/platform-browser-dynamic/-/platform-browser-dynamic-13.1.2.tgz",
            "integrity": "sha512-gABOn8DxGai56WmIt5o+eXtduabiq4Mlprg+6+dv+2PvWV871pLvswV9EGUSgwKXvbhBlDZDuNFU5LgvNDuGFg==",
            "dev": true,
            "requires": {
                "tslib": "^2.3.0"
            }
        },
        "@types/jasmine": {
            "version": "3.10.3",
            "resolved": "https://ecdevops.eu/repository/npm-all/@types/jasmine/-/jasmine-3.10.3.tgz",
            "integrity": "sha512-SWyMrjgdAUHNQmutvDcKablrJhkDLy4wunTme8oYLjKp41GnHGxMRXr2MQMvy/qy8H3LdzwQk9gH4hZ6T++H8g==",
            "dev": true
        },
        "@types/node": {
            "version": "14.18.5",
            "resolved": "https://ecdevops.eu/repository/npm-all/@types/node/-/node-14.18.5.tgz",
            "integrity": "sha512-LMy+vDDcQR48EZdEx5wRX1q/sEl6NdGuHXPnfeL8ixkwCOSZ2qnIyIZmcCbdX0MeRqHhAcHmX+haCbrS8Run+A==",
            "dev": true
        },
        "balanced-match": {
            "version": "1.0.2",
            "resolved": "https://ecdevops.eu/repository/npm-all/balanced-match/-/balanced-match-1.0.2.tgz",
            "integrity": "sha512-3oSeUO0TMV67hN1AmbXsK4yaqU7tjiHlbxRDZOpH0KW9+CeX4bRAaX0Anxt0tx2MrpRpWwQaPwIlISEJhYU5Pw==",
            "dev": true
        },
        "brace-expansion": {
            "version": "1.1.11",
            "resolved": "https://ecdevops.eu/repository/npm-all/brace-expansion/-/brace-expansion-1.1.11.tgz",
            "integrity": "sha512-iCuPHDFgrHX7H2vEI/5xpz07zSHB00TpugqhmYtVmMO6518mCuRMoOYFldEBl0g187ufozdaHgWKcYFb61qGiA==",
            "dev": true,
            "requires": {
                "balanced-match": "^1.0.0",
                "concat-map": "0.0.1"
            }
        },
        "concat-map": {
            "version": "0.0.1",
            "resolved": "https://ecdevops.eu/repository/npm-all/concat-map/-/concat-map-0.0.1.tgz",
            "integrity": "sha1-2Klr13/Wjfd5OnMDajug1UBdR3s=",
            "dev": true
        },
        "fs.realpath": {
            "version": "1.0.0",
            "resolved": "https://ecdevops.eu/repository/npm-all/fs.realpath/-/fs.realpath-1.0.0.tgz",
            "integrity": "sha1-FQStJSMVjKpA20onh8sBQRmU6k8=",
            "dev": true
        },
        "glob": {
            "version": "7.2.0",
            "resolved": "https://ecdevops.eu/repository/npm-all/glob/-/glob-7.2.0.tgz",
            "integrity": "sha512-lmLf6gtyrPq8tTjSmrO94wBeQbFR3HbLHbuyD69wuyQkImp2hWqMGB47OX65FBkPffO641IP9jWa1z4ivqG26Q==",
            "dev": true,
            "requires": {
                "fs.realpath": "^1.0.0",
                "inflight": "^1.0.4",
                "inherits": "2",
                "minimatch": "^3.0.4",
                "once": "^1.3.0",
                "path-is-absolute": "^1.0.0"
            }
        },
        "inflight": {
            "version": "1.0.6",
            "resolved": "https://ecdevops.eu/repository/npm-all/inflight/-/inflight-1.0.6.tgz",
            "integrity": "sha1-Sb1jMdfQLQwJvJEKEHW6gWW1bfk=",
            "dev": true,
            "requires": {
                "once": "^1.3.0",
                "wrappy": "1"
            }
        },
        "inherits": {
            "version": "2.0.4",
            "resolved": "https://ecdevops.eu/repository/npm-all/inherits/-/inherits-2.0.4.tgz",
            "integrity": "sha512-k/vGaX4/Yla3WzyMCvTQOXYeIHvqOKtnqBduzTHpzpQZzAskKMhZ2K+EnBiSM9zGSoIFeMpXKxa4dYeZIQqewQ==",
            "dev": true
        },
        "jasmine": {
            "version": "3.99.0",
            "resolved": "https://ecdevops.eu/repository/npm-all/jasmine/-/jasmine-3.99.0.tgz",
            "integrity": "sha512-YIThBuHzaIIcjxeuLmPD40SjxkEcc8i//sGMDKCgkRMVgIwRJf5qyExtlJpQeh7pkeoBSOe6lQEdg+/9uKg9mw==",
            "dev": true,
            "requires": {
                "glob": "^7.1.6",
                "jasmine-core": "~3.99.0"
            }
        },
        "jasmine-core": {
            "version": "3.99.0",
            "resolved": "https://ecdevops.eu/repository/npm-all/jasmine-core/-/jasmine-core-3.99.0.tgz",
            "integrity": "sha512-+ZDaJlEfRopINQqgE+hvzRyDIQDeKfqqTvF8RzXsvU1yE3pBDRud2+Qfh9WvGgRpuzqxyQJVI6Amy5XQ11r/3w==",
            "dev": true
        },
        "minimatch": {
            "version": "3.0.4",
            "resolved": "https://ecdevops.eu/repository/npm-all/minimatch/-/minimatch-3.0.4.tgz",
            "integrity": "sha512-yJHVQEhyqPLUTgt9B83PXu6W3rx4MvvHvSUvToogpwoGDOUQ+yDrR0HRot+yOCdCO7u4hX3pWft6kWBBcqh0UA==",
            "dev": true,
            "requires": {
                "brace-expansion": "^1.1.7"
            }
        },
        "once": {
            "version": "1.4.0",
            "resolved": "https://ecdevops.eu/repository/npm-all/once/-/once-1.4.0.tgz",
            "integrity": "sha1-WDsap3WWHUsROsF9nFC6753Xa9E=",
            "dev": true,
            "requires": {
                "wrappy": "1"
            }
        },
        "path-is-absolute": {
            "version": "1.0.1",
            "resolved": "https://ecdevops.eu/repository/npm-all/path-is-absolute/-/path-is-absolute-1.0.1.tgz",
            "integrity": "sha1-F0uSaHNVNP+8es5r9TpanhtcX18=",
            "dev": true
        },
        "reflect-metadata": {
            "version": "0.1.13",
            "resolved": "https://ecdevops.eu/repository/npm-all/reflect-metadata/-/reflect-metadata-0.1.13.tgz",
            "integrity": "sha512-Ts1Y/anZELhSsjMcU605fU9RE4Oi3p5ORujwbIKXfWa+0Zxs510Qrmrce5/Jowq3cHSZSJqBjypxmHarc+vEWg==",
            "dev": true
        },
        "rxjs": {
            "version": "7.5.2",
            "resolved": "https://ecdevops.eu/repository/npm-all/rxjs/-/rxjs-7.5.2.tgz",
            "integrity": "sha512-PwDt186XaL3QN5qXj/H9DGyHhP3/RYYgZZwqBv9Tv8rsAaiwFH1IsJJlcgD37J7UW5a6O67qX0KWKS3/pu0m4w==",
            "dev": true,
            "requires": {
                "tslib": "^2.1.0"
            }
        },
        "tslib": {
            "version": "2.3.1",
            "resolved": "https://ecdevops.eu/repository/npm-all/tslib/-/tslib-2.3.1.tgz",
            "integrity": "sha512-77EbyPPpMz+FRFRuAFlWMtmgUWGe9UOG2Z25NqCwiIjRhOf5iKGuzSe5P2w1laq+FkRy4p+PCuVkJSGkzTEKVw==",
            "dev": true
        },
        "typescript": {
            "version": "4.5.4",
            "resolved": "https://ecdevops.eu/repository/npm-all/typescript/-/typescript-4.5.4.tgz",
            "integrity": "sha512-VgYs2A2QIRuGphtzFV7aQJduJ2gyfTljngLzjpfW9FoYZF6xuw1W0vW9ghCKLfcWrCFxK81CSGRAvS1pn4fIUg==",
            "dev": true
        },
        "wrappy": {
            "version": "1.0.2",
            "resolved": "https://ecdevops.eu/repository/npm-all/wrappy/-/wrappy-1.0.2.tgz",
            "integrity": "sha1-tSQ9jz7BqjXxNkYFvA0QNuMKtp8=",
            "dev": true
        },
        "zone.js": {
            "version": "0.11.4",
            "resolved": "https://ecdevops.eu/repository/npm-all/zone.js/-/zone.js-0.11.4.tgz",
            "integrity": "sha512-DDh2Ab+A/B+9mJyajPjHFPWfYU1H+pdun4wnnk0OcQTNjem1XQSZ2CDW+rfZEUDjv5M19SBqAkjZi0x5wuB5Qw==",
            "dev": true,
            "requires": {
                "tslib": "^2.0.0"
            }
        }
    }
}
